
Microsoft Visual Studio Solution File, Format Version 12.00
# Visual Studio Version 17
VisualStudioVersion = 17.5.33414.496
MinimumVisualStudioVersion = 10.0.40219.1
Project("{9A19103F-16F7-4668-BE54-9A1E7A4F7556}") = "API", "API\API.csproj", "{AFE9F4D9-79FC-4B31-BE4C-2715A8DCBBA1}"
EndProject
Project("{9A19103F-16F7-4668-BE54-9A1E7A4F7556}") = "TestSuite", "TestSuite\TestSuite.csproj", "{37A7CB69-15C4-4BD5-BCE3-71994A7AAC4C}"
EndProject
Project("{9A19103F-16F7-4668-BE54-9A1E7A4F7556}") = "BusinessLayer", "BusinessLayer\BusinessLayer.csproj", "{A7C24AE3-E8EE-4BD1-A39A-DE18859BB7BE}"
EndProject
Global
	GlobalSection(SolutionConfigurationPlatforms) = preSolution
		Debug|Any CPU = Debug|Any CPU
		Release|Any CPU = Release|Any CPU
	EndGlobalSection
	GlobalSection(ProjectConfigurationPlatforms) = postSolution
		{AFE9F4D9-79FC-4B31-BE4C-2715A8DCBBA1}.Debug|Any CPU.ActiveCfg = Debug|Any CPU
		{AFE9F4D9-79FC-4B31-BE4C-2715A8DCBBA1}.Debug|Any CPU.Build.0 = Debug|Any CPU
		{AFE9F4D9-79FC-4B31-BE4C-2715A8DCBBA1}.Release|Any CPU.ActiveCfg = Release|Any CPU
		{AFE9F4D9-79FC-4B31-BE4C-2715A8DCBBA1}.Release|Any CPU.Build.0 = Release|Any CPU
		{37A7CB69-15C4-4BD5-BCE3-71994A7AAC4C}.Debug|Any CPU.ActiveCfg = Debug|Any CPU
		{37A7CB69-15C4-4BD5-BCE3-71994A7AAC4C}.Debug|Any CPU.Build.0 = Debug|Any CPU
		{37A7CB69-15C4-4BD5-BCE3-71994A7AAC4C}.Release|Any CPU.ActiveCfg = Release|Any CPU
		{37A7CB69-15C4-4BD5-BCE3-71994A7AAC4C}.Release|Any CPU.Build.0 = Release|Any CPU
		{A7C24AE3-E8EE-4BD1-A39A-DE18859BB7BE}.Debug|Any CPU.ActiveCfg = Debug|Any CPU
		{A7C24AE3-E8EE-4BD1-A39A-DE18859BB7BE}.Debug|Any CPU.Build.0 = Debug|Any CPU
		{A7C24AE3-E8EE-4BD1-A39A-DE18859BB7BE}.Release|Any CPU.ActiveCfg = Release|Any CPU
		{A7C24AE3-E8EE-4BD1-A39A-DE18859BB7BE}.Release|Any CPU.Build.0 = Release|Any CPU
	EndGlobalSection
	GlobalSection(SolutionProperties) = preSolution
		HideSolutionNode = FALSE
	EndGlobalSection
	GlobalSection(ExtensibilityGlobals) = postSolution
		SolutionGuid = {81783524-C8DD-4292-8C2E-5968463FE000}
	EndGlobalSection
EndGlobal
